// !$*UTF8*$!
{
	archiveVersion = 1;
	classes = {
	};
	objectVersion = 46;
	objects = {

/* Begin PBXBuildFile section */
		7383E4A71FFEBF4600370336 /* AppDelegate.swift in Sources */ = {isa = PBXBuildFile; fileRef = 7383E4A61FFEBF4600370336 /* AppDelegate.swift */; };
		7383E4A91FFEBF4600370336 /* ViewController.swift in Sources */ = {isa = PBXBuildFile; fileRef = 7383E4A81FFEBF4600370336 /* ViewController.swift */; };
		7383E4AC1FFEBF4600370336 /* Main.storyboard in Resources */ = {isa = PBXBuildFile; fileRef = 7383E4AA1FFEBF4600370336 /* Main.storyboard */; };
		7383E4AE1FFEBF4600370336 /* Assets.xcassets in Resources */ = {isa = PBXBuildFile; fileRef = 7383E4AD1FFEBF4600370336 /* Assets.xcassets */; };
		7383E4B11FFEBF4600370336 /* LaunchScreen.storyboard in Resources */ = {isa = PBXBuildFile; fileRef = 7383E4AF1FFEBF4600370336 /* LaunchScreen.storyboard */; };
/* End PBXBuildFile section */

/* Begin PBXFileReference section */
		7383E4A31FFEBF4600370336 /* PartyRockerApp.app */ = {isa = PBXFileReference; explicitFileType = wrapper.application; includeInIndex = 0; path = PartyRockerApp.app; sourceTree = BUILT_PRODUCTS_DIR; };
		7383E4A61FFEBF4600370336 /* AppDelegate.swift */ = {isa = PBXFileReference; lastKnownFileType = sourcecode.swift; path = AppDelegate.swift; sourceTree = "<group>"; };
		7383E4A81FFEBF4600370336 /* ViewController.swift */ = {isa = PBXFileReference; lastKnownFileType = sourcecode.swift; path = ViewController.swift; sourceTree = "<group>"; };
		7383E4AB1FFEBF4600370336 /* Base */ = {isa = PBXFileReference; lastKnownFileType = file.storyboard; name = Base; path = Base.lproj/Main.storyboard; sourceTree = "<group>"; };
		7383E4AD1FFEBF4600370336 /* Assets.xcassets */ = {isa = PBXFileReference; lastKnownFileType = folder.assetcatalog; path = Assets.xcassets; sourceTree = "<group>"; };
		7383E4B01FFEBF4600370336 /* Base */ = {isa = PBXFileReference; lastKnownFileType = file.storyboard; name = Base; path = Base.lproj/LaunchScreen.storyboard; sourceTree = "<group>"; };
		7383E4B21FFEBF4600370336 /* Info.plist */ = {isa = PBXFileReference; lastKnownFileType = text.plist.xml; path = Info.plist; sourceTree = "<group>"; };
/* End PBXFileReference section */

/* Begin PBXFrameworksBuildPhase section */
		7383E4A01FFEBF4600370336 /* Frameworks */ = {
			isa = PBXFrameworksBuildPhase;
			buildActionMask = 2147483647;
			files = (
			);
			runOnlyForDeploymentPostprocessing = 0;
		};
/* End PBXFrameworksBuildPhase section */

/* Begin PBXGroup section */
		7383E49A1FFEBF4600370336 = {
			isa = PBXGroup;
			children = (
				7383E4A51FFEBF4600370336 /* PartyRockerApp */,
				7383E4A41FFEBF4600370336 /* Products */,
			);
			sourceTree = "<group>";
		};
		7383E4A41FFEBF4600370336 /* Products */ = {
			isa = PBXGroup;
			children = (
				7383E4A31FFEBF4600370336 /* PartyRockerApp.app */,
			);
			name = Products;
			sourceTree = "<group>";
		};
		7383E4A51FFEBF4600370336 /* PartyRockerApp */ = {
			isa = PBXGroup;
			children = (
				7383E4A61FFEBF4600370336 /* AppDelegate.swift */,
				7383E4A81FFEBF4600370336 /* ViewController.swift */,
				7383E4AA1FFEBF4600370336 /* Main.storyboard */,
				7383E4AD1FFEBF4600370336 /* Assets.xcassets */,
				7383E4AF1FFEBF4600370336 /* LaunchScreen.storyboard */,
				7383E4B21FFEBF4600370336 /* Info.plist */,
			);
			path = PartyRockerApp;
			sourceTree = "<group>";
		};
/* End PBXGroup section */

/* Begin PBXNativeTarget section */
		7383E4A21FFEBF4600370336 /* PartyRockerApp */ = {
			isa = PBXNativeTarget;
			buildConfigurationList = 7383E4B51FFEBF4600370336 /* Build configuration list for PBXNativeTarget "PartyRockerApp" */;
			buildPhases = (
				7383E49F1FFEBF4600370336 /* Sources */,
				7383E4A01FFEBF4600370336 /* Frameworks */,
				7383E4A11FFEBF4600370336 /* Resources */,
			);
			buildRules = (
			);
			dependencies = (
			);
			name = PartyRockerApp;
			productName = PartyRockerApp;
			productReference = 7383E4A31FFEBF4600370336 /* PartyRockerApp.app */;
			productType = "com.apple.product-type.application";
		};
/* End PBXNativeTarget section */

/* Begin PBXProject section */
		7383E49B1FFEBF4600370336 /* Project object */ = {
			isa = PBXProject;
			attributes = {
				LastSwiftUpdateCheck = 0830;
				LastUpgradeCheck = 0830;
				ORGANIZATIONNAME = "Bharan Kothrui";
				TargetAttributes = {
					7383E4A21FFEBF4600370336 = {
						CreatedOnToolsVersion = 8.3.3;
						ProvisioningStyle = Automatic;
					};
				};
			};
			buildConfigurationList = 7383E49E1FFEBF4600370336 /* Build configuration list for PBXProject "PartyRockerApp" */;
			compatibilityVersion = "Xcode 3.2";
			developmentRegion = English;
			hasScannedForEncodings = 0;
			knownRegions = (
				en,
				Base,
			);
			mainGroup = 7383E49A1FFEBF4600370336;
			productRefGroup = 7383E4A41FFEBF4600370336 /* Products */;
			projectDirPath = "";
			projectRoot = "";
			targets = (
				7383E4A21FFEBF4600370336 /* PartyRockerApp */,
			);
		};
/* End PBXProject section */

/* Begin PBXResourcesBuildPhase section */
		7383E4A11FFEBF4600370336 /* Resources */ = {
			isa = PBXResourcesBuildPhase;
			buildActionMask = 2147483647;
			files = (
				7383E4B11FFEBF4600370336 /* LaunchScreen.storyboard in Resources */,
				7383E4AE1FFEBF4600370336 /* Assets.xcassets in Resources */,
				7383E4AC1FFEBF4600370336 /* Main.storyboard in Resources */,
			);
			runOnlyForDeploymentPostprocessing = 0;
		};
/* End PBXResourcesBuildPhase section */

/* Begin PBXSourcesBuildPhase section */
		7383E49F1FFEBF4600370336 /* Sources */ = {
			isa = PBXSourcesBuildPhase;
			buildActionMask = 2147483647;
			files = (
				7383E4A91FFEBF4600370336 /* ViewController.swift in Sources */,
				7383E4A71FFEBF4600370336 /* AppDelegate.swift in Sources */,
			);
			runOnlyForDeploymentPostprocessing = 0;
		};
/* End PBXSourcesBuildPhase section */

/* Begin PBXVariantGroup section */
		7383E4AA1FFEBF4600370336 /* Main.storyboard */ = {
			isa = PBXVariantGroup;
			children = (
				7383E4AB1FFEBF4600370336 /* Base */,
			);
			name = Main.storyboard;
			sourceTree = "<group>";
		};
		7383E4AF1FFEBF4600370336 /* LaunchScreen.storyboard */ = {
			isa = PBXVariantGroup;
			children = (
				7383E4B01FFEBF4600370336 /* Base */,
			);
			name = LaunchScreen.storyboard;
			sourceTree = "<group>";
		};
/* End PBXVariantGroup section */

/* Begin XCBuildConfiguration section */
		7383E4B31FFEBF4600370336 /* Debug */ = {
			isa = XCBuildConfiguration;
			buildSettings = {
				ALWAYS_SEARCH_USER_PATHS = NO;
				CLANG_ANALYZER_NONNULL = YES;
				CLANG_ANALYZER_NUMBER_OBJECT_CONVERSION = YES_AGGRESSIVE;
				CLANG_CXX_LANGUAGE_STANDARD = "gnu++0x";
				CLANG_CXX_LIBRARY = "libc++";
				CLANG_ENABLE_MODULES = YES;
				CLANG_ENABLE_OBJC_ARC = YES;
				CLANG_WARN_BOOL_CONVERSION = YES;
				CLANG_WARN_CONSTANT_CONVERSION = YES;
				CLANG_WARN_DIRECT_OBJC_ISA_USAGE = YES_ERROR;
				CLANG_WARN_DOCUMENTATION_COMMENTS = YES;
				CLANG_WARN_EMPTY_BODY = YES;
				CLANG_WARN_ENUM_CONVERSION = YES;
				CLANG_WARN_INFINITE_RECURSION = YES;
				CLANG_WARN_INT_CONVERSION = YES;
				CLANG_WARN_OBJC_ROOT_CLASS = YES_ERROR;
				CLANG_WARN_SUSPICIOUS_MOVE = YES;
				CLANG_WARN_UNREACHABLE_CODE = YES;
				CLANG_WARN__DUPLICATE_METHOD_MATCH = YES;
				"CODE_SIGN_IDENTITY[sdk=iphoneos*]" = "iPhone Developer";
				COPY_PHASE_STRIP = NO;
				DEBUG_INFORMATION_FORMAT = dwarf;
				ENABLE_STRICT_OBJC_MSGSEND = YES;
				ENABLE_TESTABILITY = YES;
				GCC_C_LANGUAGE_STANDARD = gnu99;
				GCC_DYNAMIC_NO_PIC = NO;
				GCC_NO_COMMON_BLOCKS = YES;
				GCC_OPTIMIZATION_LEVEL = 0;
				GCC_PREPROCESSOR_DEFINITIONS = (
					"DEBUG=1",
					"$(inherited)",
				);
				GCC_WARN_64_TO_32_BIT_CONVERSION = YES;
				GCC_WARN_ABOUT_RETURN_TYPE = YES_ERROR;
				GCC_WARN_UNDECLARED_SELECTOR = YES;
				GCC_WARN_UNINITIALIZED_AUTOS = YES_AGGRESSIVE;
				GCC_WARN_UNUSED_FUNCTION = YES;
				GCC_WARN_UNUSED_VARIABLE = YES;
				IPHONEOS_DEPLOYMENT_TARGET = 10.3;
				MTL_ENABLE_DEBUG_INFO = YES;
				ONLY_ACTIVE_ARCH = YES;
				SDKROOT = iphoneos;
				SWIFT_ACTIVE_COMPILATION_CONDITIONS = DEBUG;
				SWIFT_OPTIMIZATION_LEVEL = "-Onone";
				TARGETED_DEVICE_FAMILY = "1,2";
			};
			name = Debug;
		};
		7383E4B41FFEBF4600370336 /* Release */ = {
			isa = XCBuildConfiguration;
			buildSettings = {
				ALWAYS_SEARCH_USER_PATHS = NO;
				CLANG_ANALYZER_NONNULL = YES;
				CLANG_ANALYZER_NUMBER_OBJECT_CONVERSION = YES_AGGRESSIVE;
				CLANG_CXX_LANGUAGE_STANDARD = "gnu++0x";
				CLANG_CXX_LIBRARY = "libc++";
				CLANG_ENABLE_MODULES = YES;
				CLANG_ENABLE_OBJC_ARC = YES;
				CLANG_WARN_BOOL_CONVERSION = YES;
				CLANG_WARN_CONSTANT_CONVERSION = YES;
				CLANG_WARN_DIRECT_OBJC_ISA_USAGE = YES_ERROR;
				CLANG_WARN_DOCUMENTATION_COMMENTS = YES;
				CLANG_WARN_EMPTY_BODY = YES;
				CLANG_WARN_ENUM_CONVERSION = YES;
				CLANG_WARN_INFINITE_RECURSION = YES;
				CLANG_WARN_INT_CONVERSION = YES;
				CLANG_WARN_OBJC_ROOT_CLASS = YES_ERROR;
				CLANG_WARN_SUSPICIOUS_MOVE = YES;
				CLANG_WARN_UNREACHABLE_CODE = YES;
				CLANG_WARN__DUPLICATE_METHOD_MATCH = YES;
				"CODE_SIGN_IDENTITY[sdk=iphoneos*]" = "iPhone Developer";
				COPY_PHASE_STRIP = NO;
				DEBUG_INFORMATION_FORMAT = "dwarf-with-dsym";
				ENABLE_NS_ASSERTIONS = NO;
				ENABLE_STRICT_OBJC_MSGSEND = YES;
				GCC_C_LANGUAGE_STANDARD = gnu99;
				GCC_NO_COMMON_BLOCKS = YES;
				GCC_WARN_64_TO_32_BIT_CONVERSION = YES;
				GCC_WARN_ABOUT_RETURN_TYPE = YES_ERROR;
				GCC_WARN_UNDECLARED_SELECTOR = YES;
				GCC_WARN_UNINITIALIZED_AUTOS = YES_AGGRESSIVE;
				GCC_WARN_UNUSED_FUNCTION = YES;
				GCC_WARN_UNUSED_VARIABLE = YES;
				IPHONEOS_DEPLOYMENT_TARGET = 10.3;
				MTL_ENABLE_DEBUG_INFO = NO;
				SDKROOT = iphoneos;
				SWIFT_OPTIMIZATION_LEVEL = "-Owholemodule";
				TARGETED_DEVICE_FAMILY = "1,2";
				VALIDATE_PRODUCT = YES;
			};
			name = Release;
		};
		7383E4B61FFEBF4600370336 /* Debug */ = {
			isa = XCBuildConfiguration;
			buildSettings = {
				ASSETCATALOG_COMPILER_APPICON_NAME = AppIcon;
				INFOPLIST_FILE = PartyRockerApp/Info.plist;
				LD_RUNPATH_SEARCH_PATHS = "$(inherited) @executable_path/Frameworks";
				PRODUCT_BUNDLE_IDENTIFIER = com.learning.PartyRockerApp;
				PRODUCT_NAME = "$(TARGET_NAME)";
				SWIFT_VERSION = 3.0;
			};
			name = Debug;
		};
		7383E4B71FFEBF4600370336 /* Release */ = {
			isa = XCBuildConfiguration;
			buildSettings = {
				ASSETCATALOG_COMPILER_APPICON_NAME = AppIcon;
				INFOPLIST_FILE = PartyRockerApp/Info.plist;
				LD_RUNPATH_SEARCH_PATHS = "$(inherited) @executable_path/Frameworks";
				PRODUCT_BUNDLE_IDENTIFIER = com.learning.PartyRockerApp;
				PRODUCT_NAME = "$(TARGET_NAME)";
				SWIFT_VERSION = 3.0;
			};
			name = Release;
		};
/* End XCBuildConfiguration section */

/* Begin XCConfigurationList section */
		7383E49E1FFEBF4600370336 /* Build configuration list for PBXProject "PartyRockerApp" */ = {
			isa = XCConfigurationList;
			buildConfigurations = (
				7383E4B31FFEBF4600370336 /* Debug */,
				7383E4B41FFEBF4600370336 /* Release */,
			);
			defaultConfigurationIsVisible = 0;
			defaultConfigurationName = Release;
		};
		7383E4B51FFEBF4600370336 /* Build configuration list for PBXNativeTarget "PartyRockerApp" */ = {
			isa = XCConfigurationList;
			buildConfigurations = (
				7383E4B61FFEBF4600370336 /* Debug */,
				7383E4B71FFEBF4600370336 /* Release */,
			);
			defaultConfigurationIsVisible = 0;
		};
/* End XCConfigurationList section */
	};
	rootObject = 7383E49B1FFEBF4600370336 /* Project object */;
}
